
Microsoft Visual Studio Solution File, Format Version 12.00
# Visual Studio Version 16
VisualStudioVersion = 16.0.31515.178
MinimumVisualStudioVersion = 10.0.40219.1
Project("{2150E333-8FDC-42A3-9474-1A3956D46DE8}") = "Clients", "Clients", "{E713B8BB-768D-4ABA-8CF3-211818AD2614}"
EndProject
Project("{9A19103F-16F7-4668-BE54-9A1E7A4F7556}") = "MvcCoreApp.Client", "Clients\MvcCoreApp.Client\MvcCoreApp.Client.csproj", "{71D8D2B5-06AC-4636-B165-6ECC00A93C48}"
EndProject
Project("{9A19103F-16F7-4668-BE54-9A1E7A4F7556}") = "MvcCoreApp.ServiceLayer", "Clients\MvcCoreApp.ServiceLayer\MvcCoreApp.ServiceLayer.csproj", "{B67DFAAA-A01F-48AE-AB73-4ADF0A00074A}"
EndProject
Project("{9A19103F-16F7-4668-BE54-9A1E7A4F7556}") = "MvcCoreApp.DataLayer", "Clients\MvcCoreApp.DataLayer\MvcCoreApp.DataLayer.csproj", "{06DF3FE5-1C7A-40DE-90FA-3B95C2955A2B}"
EndProject
Project("{9A19103F-16F7-4668-BE54-9A1E7A4F7556}") = "MvcCoreApp.CoreLayer", "Clients\MvcCoreApp.CoreLayer\MvcCoreApp.CoreLayer.csproj", "{B7D005CD-E89D-4F35-B203-07E529C5E2FE}"
EndProject
Project("{2150E333-8FDC-42A3-9474-1A3956D46DE8}") = "Apis", "Apis", "{848CE327-9814-467C-A766-9AF6B191EBA6}"
EndProject
Project("{2150E333-8FDC-42A3-9474-1A3956D46DE8}") = "Services", "Services", "{4A688246-5AEC-4881-AAA2-93C4F1E2A181}"
EndProject
Project("{2150E333-8FDC-42A3-9474-1A3956D46DE8}") = "AuthServer", "AuthServer", "{1CC33D59-3C17-432A-9BED-95B3BBF3B4F9}"
EndProject
Project("{9A19103F-16F7-4668-BE54-9A1E7A4F7556}") = "MvcCoreApp.AuthServer", "Apis\AuthServer\MvcCoreApp.AuthServer\MvcCoreApp.AuthServer.csproj", "{7ED6DB84-8B56-450A-BF07-0C57E01E21EA}"
EndProject
Project("{9A19103F-16F7-4668-BE54-9A1E7A4F7556}") = "MvcCoreApp.Service1", "Apis\Services\MvcCoreApp.Service1\MvcCoreApp.Service1.csproj", "{7A590970-FC6B-44F3-9970-E40682F994F5}"
EndProject
Project("{2150E333-8FDC-42A3-9474-1A3956D46DE8}") = "Clients", "Clients", "{FECDAE10-678B-4248-B4B6-6DB561AE6299}"
EndProject
Project("{9A19103F-16F7-4668-BE54-9A1E7A4F7556}") = "MvcCoreApp.ApiClient", "Apis\Clients\MvcCoreApp.ApiClient\MvcCoreApp.ApiClient.csproj", "{E7B5CB44-ED67-411E-9199-E9A1C2F4CD72}"
EndProject
Project("{2150E333-8FDC-42A3-9474-1A3956D46DE8}") = "SharedLibrary", "SharedLibrary", "{E0F126D1-EF23-4A9D-91E4-2149370D08F8}"
EndProject
Project("{FAE04EC0-301F-11D3-BF4B-00C04F79EFBC}") = "Shared", "SharedLibrary\Shared\Shared.csproj", "{98A48D27-05E4-4A58-897A-859C6E745B49}"
EndProject
Global
	GlobalSection(SolutionConfigurationPlatforms) = preSolution
		Debug|Any CPU = Debug|Any CPU
		Release|Any CPU = Release|Any CPU
	EndGlobalSection
	GlobalSection(ProjectConfigurationPlatforms) = postSolution
		{71D8D2B5-06AC-4636-B165-6ECC00A93C48}.Debug|Any CPU.ActiveCfg = Debug|Any CPU
		{71D8D2B5-06AC-4636-B165-6ECC00A93C48}.Debug|Any CPU.Build.0 = Debug|Any CPU
		{71D8D2B5-06AC-4636-B165-6ECC00A93C48}.Release|Any CPU.ActiveCfg = Release|Any CPU
		{71D8D2B5-06AC-4636-B165-6ECC00A93C48}.Release|Any CPU.Build.0 = Release|Any CPU
		{B67DFAAA-A01F-48AE-AB73-4ADF0A00074A}.Debug|Any CPU.ActiveCfg = Debug|Any CPU
		{B67DFAAA-A01F-48AE-AB73-4ADF0A00074A}.Debug|Any CPU.Build.0 = Debug|Any CPU
		{B67DFAAA-A01F-48AE-AB73-4ADF0A00074A}.Release|Any CPU.ActiveCfg = Release|Any CPU
		{B67DFAAA-A01F-48AE-AB73-4ADF0A00074A}.Release|Any CPU.Build.0 = Release|Any CPU
		{06DF3FE5-1C7A-40DE-90FA-3B95C2955A2B}.Debug|Any CPU.ActiveCfg = Debug|Any CPU
		{06DF3FE5-1C7A-40DE-90FA-3B95C2955A2B}.Debug|Any CPU.Build.0 = Debug|Any CPU
		{06DF3FE5-1C7A-40DE-90FA-3B95C2955A2B}.Release|Any CPU.ActiveCfg = Release|Any CPU
		{06DF3FE5-1C7A-40DE-90FA-3B95C2955A2B}.Release|Any CPU.Build.0 = Release|Any CPU
		{B7D005CD-E89D-4F35-B203-07E529C5E2FE}.Debug|Any CPU.ActiveCfg = Debug|Any CPU
		{B7D005CD-E89D-4F35-B203-07E529C5E2FE}.Debug|Any CPU.Build.0 = Debug|Any CPU
		{B7D005CD-E89D-4F35-B203-07E529C5E2FE}.Release|Any CPU.ActiveCfg = Release|Any CPU
		{B7D005CD-E89D-4F35-B203-07E529C5E2FE}.Release|Any CPU.Build.0 = Release|Any CPU
		{7ED6DB84-8B56-450A-BF07-0C57E01E21EA}.Debug|Any CPU.ActiveCfg = Debug|Any CPU
		{7ED6DB84-8B56-450A-BF07-0C57E01E21EA}.Debug|Any CPU.Build.0 = Debug|Any CPU
		{7ED6DB84-8B56-450A-BF07-0C57E01E21EA}.Release|Any CPU.ActiveCfg = Release|Any CPU
		{7ED6DB84-8B56-450A-BF07-0C57E01E21EA}.Release|Any CPU.Build.0 = Release|Any CPU
		{7A590970-FC6B-44F3-9970-E40682F994F5}.Debug|Any CPU.ActiveCfg = Debug|Any CPU
		{7A590970-FC6B-44F3-9970-E40682F994F5}.Debug|Any CPU.Build.0 = Debug|Any CPU
		{7A590970-FC6B-44F3-9970-E40682F994F5}.Release|Any CPU.ActiveCfg = Release|Any CPU
		{7A590970-FC6B-44F3-9970-E40682F994F5}.Release|Any CPU.Build.0 = Release|Any CPU
		{E7B5CB44-ED67-411E-9199-E9A1C2F4CD72}.Debug|Any CPU.ActiveCfg = Debug|Any CPU
		{E7B5CB44-ED67-411E-9199-E9A1C2F4CD72}.Debug|Any CPU.Build.0 = Debug|Any CPU
		{E7B5CB44-ED67-411E-9199-E9A1C2F4CD72}.Release|Any CPU.ActiveCfg = Release|Any CPU
		{E7B5CB44-ED67-411E-9199-E9A1C2F4CD72}.Release|Any CPU.Build.0 = Release|Any CPU
		{98A48D27-05E4-4A58-897A-859C6E745B49}.Debug|Any CPU.ActiveCfg = Debug|Any CPU
		{98A48D27-05E4-4A58-897A-859C6E745B49}.Debug|Any CPU.Build.0 = Debug|Any CPU
		{98A48D27-05E4-4A58-897A-859C6E745B49}.Release|Any CPU.ActiveCfg = Release|Any CPU
		{98A48D27-05E4-4A58-897A-859C6E745B49}.Release|Any CPU.Build.0 = Release|Any CPU
	EndGlobalSection
	GlobalSection(SolutionProperties) = preSolution
		HideSolutionNode = FALSE
	EndGlobalSection
	GlobalSection(NestedProjects) = preSolution
		{71D8D2B5-06AC-4636-B165-6ECC00A93C48} = {E713B8BB-768D-4ABA-8CF3-211818AD2614}
		{B67DFAAA-A01F-48AE-AB73-4ADF0A00074A} = {E713B8BB-768D-4ABA-8CF3-211818AD2614}
		{06DF3FE5-1C7A-40DE-90FA-3B95C2955A2B} = {E713B8BB-768D-4ABA-8CF3-211818AD2614}
		{B7D005CD-E89D-4F35-B203-07E529C5E2FE} = {E713B8BB-768D-4ABA-8CF3-211818AD2614}
		{4A688246-5AEC-4881-AAA2-93C4F1E2A181} = {848CE327-9814-467C-A766-9AF6B191EBA6}
		{1CC33D59-3C17-432A-9BED-95B3BBF3B4F9} = {848CE327-9814-467C-A766-9AF6B191EBA6}
		{7ED6DB84-8B56-450A-BF07-0C57E01E21EA} = {1CC33D59-3C17-432A-9BED-95B3BBF3B4F9}
		{7A590970-FC6B-44F3-9970-E40682F994F5} = {4A688246-5AEC-4881-AAA2-93C4F1E2A181}
		{FECDAE10-678B-4248-B4B6-6DB561AE6299} = {848CE327-9814-467C-A766-9AF6B191EBA6}
		{E7B5CB44-ED67-411E-9199-E9A1C2F4CD72} = {FECDAE10-678B-4248-B4B6-6DB561AE6299}
		{E0F126D1-EF23-4A9D-91E4-2149370D08F8} = {848CE327-9814-467C-A766-9AF6B191EBA6}
		{98A48D27-05E4-4A58-897A-859C6E745B49} = {E0F126D1-EF23-4A9D-91E4-2149370D08F8}
	EndGlobalSection
	GlobalSection(ExtensibilityGlobals) = postSolution
		SolutionGuid = {B7FD469B-8458-4CC7-ABEB-8825C10E2B72}
	EndGlobalSection
EndGlobal
